
Microsoft Visual Studio Solution File, Format Version 12.00
# Visual Studio 15
VisualStudioVersion = 15.0.27703.2035
MinimumVisualStudioVersion = 10.0.40219.1
Project("{FAE04EC0-301F-11D3-BF4B-00C04F79EFBC}") = "VerificacionWPF", "VerificacionWPF\VerificacionWPF.csproj", "{CFBCFC85-42F3-49A1-BF22-C35B0CFE36E4}"
EndProject
Global
	GlobalSection(SolutionConfigurationPlatforms) = preSolution
		Debug|Any CPU = Debug|Any CPU
		Release|Any CPU = Release|Any CPU
	EndGlobalSection
	GlobalSection(ProjectConfigurationPlatforms) = postSolution
		{CFBCFC85-42F3-49A1-BF22-C35B0CFE36E4}.Debug|Any CPU.ActiveCfg = Debug|Any CPU
		{CFBCFC85-42F3-49A1-BF22-C35B0CFE36E4}.Debug|Any CPU.Build.0 = Debug|Any CPU
		{CFBCFC85-42F3-49A1-BF22-C35B0CFE36E4}.Release|Any CPU.ActiveCfg = Release|Any CPU
		{CFBCFC85-42F3-49A1-BF22-C35B0CFE36E4}.Release|Any CPU.Build.0 = Release|Any CPU
	EndGlobalSection
	GlobalSection(SolutionProperties) = preSolution
		HideSolutionNode = FALSE
	EndGlobalSection
	GlobalSection(ExtensibilityGlobals) = postSolution
		SolutionGuid = {7DEBE9AE-3641-4FE6-A2BE-4F017EBF185F}
	EndGlobalSection
EndGlobal
